
Microsoft Visual Studio Solution File, Format Version 12.00
# Visual Studio Version 17
VisualStudioVersion = 17.12.35707.178 d17.12
MinimumVisualStudioVersion = 10.0.40219.1
Project("{FAE04EC0-301F-11D3-BF4B-00C04F79EFBC}") = "CST-150 Activity 1", "CST-150 Activity 1\CST-150 Activity 1.csproj", "{7DA78D00-6340-4623-AAA4-5E6729889B0C}"
EndProject
Global
	GlobalSection(SolutionConfigurationPlatforms) = preSolution
		Debug|Any CPU = Debug|Any CPU
		Release|Any CPU = Release|Any CPU
	EndGlobalSection
	GlobalSection(ProjectConfigurationPlatforms) = postSolution
		{7DA78D00-6340-4623-AAA4-5E6729889B0C}.Debug|Any CPU.ActiveCfg = Debug|Any CPU
		{7DA78D00-6340-4623-AAA4-5E6729889B0C}.Debug|Any CPU.Build.0 = Debug|Any CPU
		{7DA78D00-6340-4623-AAA4-5E6729889B0C}.Release|Any CPU.ActiveCfg = Release|Any CPU
		{7DA78D00-6340-4623-AAA4-5E6729889B0C}.Release|Any CPU.Build.0 = Release|Any CPU
	EndGlobalSection
	GlobalSection(SolutionProperties) = preSolution
		HideSolutionNode = FALSE
	EndGlobalSection
EndGlobal
